// !$*UTF8*$!
{
	archiveVersion = 1;
	classes = {
	};
	objectVersion = 45;
	objects = {

/* Begin PBXBuildFile section */
		3B338C8E12C86CA00024212D /* OpenCL.framework in Frameworks */ = {isa = PBXBuildFile; fileRef = 3B338C8D12C86CA00024212D /* OpenCL.framework */; };
		3B338C9312C86E3E0024212D /* clEnvironment.cpp in Sources */ = {isa = PBXBuildFile; fileRef = 3B338C9212C86E3E0024212D /* clEnvironment.cpp */; };
		3B338E0612C968580024212D /* clKernel.cpp in Sources */ = {isa = PBXBuildFile; fileRef = 3B338E0512C968580024212D /* clKernel.cpp */; };
		3B6AC15212D12ED200B5A886 /* clKLTFeatureExtract.cpp in Sources */ = {isa = PBXBuildFile; fileRef = 3B6AC15112D12ED200B5A886 /* clKLTFeatureExtract.cpp */; };
		3BFCFE3D12CAA7480018D111 /* cl2DConvolutionKernelSeparable.cpp in Sources */ = {isa = PBXBuildFile; fileRef = 3BFCFE3C12CAA7470018D111 /* cl2DConvolutionKernelSeparable.cpp */; };
		8DD76F650486A84900D96B5E /* main.cpp in Sources */ = {isa = PBXBuildFile; fileRef = 08FB7796FE84155DC02AAC07 /* main.cpp */; settings = {ATTRIBUTES = (); }; };
/* End PBXBuildFile section */

/* Begin PBXCopyFilesBuildPhase section */
		8DD76F690486A84900D96B5E /* CopyFiles */ = {
			isa = PBXCopyFilesBuildPhase;
			buildActionMask = 8;
			dstPath = /usr/share/man/man1/;
			dstSubfolderSpec = 0;
			files = (
			);
			runOnlyForDeploymentPostprocessing = 1;
		};
/* End PBXCopyFilesBuildPhase section */

/* Begin PBXFileReference section */
		08FB7796FE84155DC02AAC07 /* main.cpp */ = {isa = PBXFileReference; fileEncoding = 4; lastKnownFileType = sourcecode.cpp.cpp; path = main.cpp; sourceTree = "<group>"; };
		3B338C8D12C86CA00024212D /* OpenCL.framework */ = {isa = PBXFileReference; lastKnownFileType = wrapper.framework; name = OpenCL.framework; path = System/Library/Frameworks/OpenCL.framework; sourceTree = SDKROOT; };
		3B338C9112C86E3E0024212D /* clEnvironment.h */ = {isa = PBXFileReference; fileEncoding = 4; lastKnownFileType = sourcecode.c.h; path = clEnvironment.h; sourceTree = "<group>"; };
		3B338C9212C86E3E0024212D /* clEnvironment.cpp */ = {isa = PBXFileReference; fileEncoding = 4; lastKnownFileType = sourcecode.cpp.cpp; path = clEnvironment.cpp; sourceTree = "<group>"; };
		3B338D1A12C9569B0024212D /* cl.hpp */ = {isa = PBXFileReference; fileEncoding = 4; lastKnownFileType = sourcecode.cpp.h; path = cl.hpp; sourceTree = "<group>"; };
		3B338E0412C968580024212D /* clKernel.h */ = {isa = PBXFileReference; fileEncoding = 4; lastKnownFileType = sourcecode.c.h; path = clKernel.h; sourceTree = "<group>"; };
		3B338E0512C968580024212D /* clKernel.cpp */ = {isa = PBXFileReference; fileEncoding = 4; lastKnownFileType = sourcecode.cpp.cpp; path = clKernel.cpp; sourceTree = "<group>"; };
		3B3C3D4412CACD7F004168DC /* ConvolutionSeparable.cl */ = {isa = PBXFileReference; fileEncoding = 4; lastKnownFileType = sourcecode.opencl; path = ConvolutionSeparable.cl; sourceTree = "<group>"; };
		3B6AC15012D12ED200B5A886 /* clKLTFeatureExtract.h */ = {isa = PBXFileReference; fileEncoding = 4; lastKnownFileType = sourcecode.c.h; path = clKLTFeatureExtract.h; sourceTree = "<group>"; };
		3B6AC15112D12ED200B5A886 /* clKLTFeatureExtract.cpp */ = {isa = PBXFileReference; fileEncoding = 4; lastKnownFileType = sourcecode.cpp.cpp; path = clKLTFeatureExtract.cpp; sourceTree = "<group>"; };
		3B6AC16B12D1311700B5A886 /* kltFeatureExtract.cl */ = {isa = PBXFileReference; fileEncoding = 4; lastKnownFileType = sourcecode.opencl; path = kltFeatureExtract.cl; sourceTree = "<group>"; };
		3B6AC1C312D1390E00B5A886 /* Utils.h */ = {isa = PBXFileReference; fileEncoding = 4; lastKnownFileType = sourcecode.c.h; path = Utils.h; sourceTree = "<group>"; };
		3BFCFE3B12CAA7470018D111 /* cl2DConvolutionKernelSeparable.h */ = {isa = PBXFileReference; fileEncoding = 4; lastKnownFileType = sourcecode.c.h; path = cl2DConvolutionKernelSeparable.h; sourceTree = "<group>"; };
		3BFCFE3C12CAA7470018D111 /* cl2DConvolutionKernelSeparable.cpp */ = {isa = PBXFileReference; fileEncoding = 4; lastKnownFileType = sourcecode.cpp.cpp; path = cl2DConvolutionKernelSeparable.cpp; sourceTree = "<group>"; };
		8DD76F6C0486A84900D96B5E /* clTrack */ = {isa = PBXFileReference; explicitFileType = "compiled.mach-o.executable"; includeInIndex = 0; path = clTrack; sourceTree = BUILT_PRODUCTS_DIR; };
/* End PBXFileReference section */

/* Begin PBXFrameworksBuildPhase section */
		8DD76F660486A84900D96B5E /* Frameworks */ = {
			isa = PBXFrameworksBuildPhase;
			buildActionMask = 2147483647;
			files = (
				3B338C8E12C86CA00024212D /* OpenCL.framework in Frameworks */,
			);
			runOnlyForDeploymentPostprocessing = 0;
		};
/* End PBXFrameworksBuildPhase section */

/* Begin PBXGroup section */
		08FB7794FE84155DC02AAC07 /* clTrack */ = {
			isa = PBXGroup;
			children = (
				3BFCFFE812CACA3A0018D111 /* openCL */,
				08FB7795FE84155DC02AAC07 /* Source */,
				1AB674ADFE9D54B511CA2CBB /* Products */,
				3B338C8D12C86CA00024212D /* OpenCL.framework */,
			);
			name = clTrack;
			sourceTree = "<group>";
		};
		08FB7795FE84155DC02AAC07 /* Source */ = {
			isa = PBXGroup;
			children = (
				3B338E0412C968580024212D /* clKernel.h */,
				3B338E0512C968580024212D /* clKernel.cpp */,
				3BFCFE3B12CAA7470018D111 /* cl2DConvolutionKernelSeparable.h */,
				3BFCFE3C12CAA7470018D111 /* cl2DConvolutionKernelSeparable.cpp */,
				3B338D1A12C9569B0024212D /* cl.hpp */,
				08FB7796FE84155DC02AAC07 /* main.cpp */,
				3B338C9112C86E3E0024212D /* clEnvironment.h */,
				3B338C9212C86E3E0024212D /* clEnvironment.cpp */,
				3B6AC15012D12ED200B5A886 /* clKLTFeatureExtract.h */,
				3B6AC15112D12ED200B5A886 /* clKLTFeatureExtract.cpp */,
				3B6AC1C312D1390E00B5A886 /* Utils.h */,
			);
			name = Source;
			sourceTree = "<group>";
		};
		1AB674ADFE9D54B511CA2CBB /* Products */ = {
			isa = PBXGroup;
			children = (
				8DD76F6C0486A84900D96B5E /* clTrack */,
			);
			name = Products;
			sourceTree = "<group>";
		};
		3BFCFFE812CACA3A0018D111 /* openCL */ = {
			isa = PBXGroup;
			children = (
				3B3C3D4412CACD7F004168DC /* ConvolutionSeparable.cl */,
				3B6AC16B12D1311700B5A886 /* kltFeatureExtract.cl */,
			);
			name = openCL;
			sourceTree = "<group>";
		};
/* End PBXGroup section */

/* Begin PBXNativeTarget section */
		8DD76F620486A84900D96B5E /* clTrack */ = {
			isa = PBXNativeTarget;
			buildConfigurationList = 1DEB923108733DC60010E9CD /* Build configuration list for PBXNativeTarget "clTrack" */;
			buildPhases = (
				8DD76F640486A84900D96B5E /* Sources */,
				8DD76F660486A84900D96B5E /* Frameworks */,
				8DD76F690486A84900D96B5E /* CopyFiles */,
			);
			buildRules = (
			);
			dependencies = (
			);
			name = clTrack;
			productInstallPath = "$(HOME)/bin";
			productName = clTrack;
			productReference = 8DD76F6C0486A84900D96B5E /* clTrack */;
			productType = "com.apple.product-type.tool";
		};
/* End PBXNativeTarget section */

/* Begin PBXProject section */
		08FB7793FE84155DC02AAC07 /* Project object */ = {
			isa = PBXProject;
			buildConfigurationList = 1DEB923508733DC60010E9CD /* Build configuration list for PBXProject "clTrack" */;
			compatibilityVersion = "Xcode 3.1";
			hasScannedForEncodings = 1;
			mainGroup = 08FB7794FE84155DC02AAC07 /* clTrack */;
			projectDirPath = "";
			projectRoot = "";
			targets = (
				8DD76F620486A84900D96B5E /* clTrack */,
			);
		};
/* End PBXProject section */

/* Begin PBXSourcesBuildPhase section */
		8DD76F640486A84900D96B5E /* Sources */ = {
			isa = PBXSourcesBuildPhase;
			buildActionMask = 2147483647;
			files = (
				8DD76F650486A84900D96B5E /* main.cpp in Sources */,
				3B338C9312C86E3E0024212D /* clEnvironment.cpp in Sources */,
				3B338E0612C968580024212D /* clKernel.cpp in Sources */,
				3BFCFE3D12CAA7480018D111 /* cl2DConvolutionKernelSeparable.cpp in Sources */,
				3B6AC15212D12ED200B5A886 /* clKLTFeatureExtract.cpp in Sources */,
			);
			runOnlyForDeploymentPostprocessing = 0;
		};
/* End PBXSourcesBuildPhase section */

/* Begin XCBuildConfiguration section */
		1DEB923208733DC60010E9CD /* Debug */ = {
			isa = XCBuildConfiguration;
			buildSettings = {
				ALWAYS_SEARCH_USER_PATHS = NO;
				COPY_PHASE_STRIP = NO;
				GCC_DYNAMIC_NO_PIC = NO;
				GCC_ENABLE_FIX_AND_CONTINUE = YES;
				GCC_MODEL_TUNING = G5;
				GCC_OPTIMIZATION_LEVEL = 0;
				GCC_PREPROCESSOR_DEFINITIONS = __CL_ENABLE_EXCEPTIONS;
				INSTALL_PATH = /usr/local/bin;
				PRODUCT_NAME = clTrack;
			};
			name = Debug;
		};
		1DEB923308733DC60010E9CD /* Release */ = {
			isa = XCBuildConfiguration;
			buildSettings = {
				ALWAYS_SEARCH_USER_PATHS = NO;
				DEBUG_INFORMATION_FORMAT = "dwarf-with-dsym";
				GCC_MODEL_TUNING = G5;
				GCC_PREPROCESSOR_DEFINITIONS = __CL_ENABLE_EXCEPTIONS;
				INSTALL_PATH = /usr/local/bin;
				PRODUCT_NAME = clTrack;
			};
			name = Release;
		};
		1DEB923608733DC60010E9CD /* Debug */ = {
			isa = XCBuildConfiguration;
			buildSettings = {
				ARCHS = "$(ARCHS_STANDARD_32_64_BIT)";
				ENABLE_OPENMP_SUPPORT = YES;
				GCC_C_LANGUAGE_STANDARD = gnu99;
				GCC_OPTIMIZATION_LEVEL = 0;
				GCC_VERSION = "";
				GCC_WARN_ABOUT_RETURN_TYPE = YES;
				GCC_WARN_UNUSED_VARIABLE = YES;
				ONLY_ACTIVE_ARCH = YES;
				PREBINDING = NO;
				SDKROOT = macosx10.6;
			};
			name = Debug;
		};
		1DEB923708733DC60010E9CD /* Release */ = {
			isa = XCBuildConfiguration;
			buildSettings = {
				ARCHS = "$(ARCHS_STANDARD_32_64_BIT)";
				ENABLE_OPENMP_SUPPORT = YES;
				GCC_C_LANGUAGE_STANDARD = gnu99;
				GCC_VERSION = "";
				GCC_WARN_ABOUT_RETURN_TYPE = YES;
				GCC_WARN_UNUSED_VARIABLE = YES;
				PREBINDING = NO;
				SDKROOT = macosx10.6;
			};
			name = Release;
		};
/* End XCBuildConfiguration section */

/* Begin XCConfigurationList section */
		1DEB923108733DC60010E9CD /* Build configuration list for PBXNativeTarget "clTrack" */ = {
			isa = XCConfigurationList;
			buildConfigurations = (
				1DEB923208733DC60010E9CD /* Debug */,
				1DEB923308733DC60010E9CD /* Release */,
			);
			defaultConfigurationIsVisible = 0;
			defaultConfigurationName = Release;
		};
		1DEB923508733DC60010E9CD /* Build configuration list for PBXProject "clTrack" */ = {
			isa = XCConfigurationList;
			buildConfigurations = (
				1DEB923608733DC60010E9CD /* Debug */,
				1DEB923708733DC60010E9CD /* Release */,
			);
			defaultConfigurationIsVisible = 0;
			defaultConfigurationName = Release;
		};
/* End XCConfigurationList section */
	};
	rootObject = 08FB7793FE84155DC02AAC07 /* Project object */;
}
